
Microsoft Visual Studio Solution File, Format Version 12.00
# Visual Studio Version 17
VisualStudioVersion = 17.0.32014.148
MinimumVisualStudioVersion = 10.0.40219.1
Project("{9A19103F-16F7-4668-BE54-9A1E7A4F7556}") = "QOI.Net", "QOI.Net\QOI.Net.csproj", "{82CA44A7-4EC5-447B-BD95-5872D012736A}"
EndProject
Project("{FAE04EC0-301F-11D3-BF4B-00C04F79EFBC}") = "QOI.Net.Tests", "QOI.Net.Tests\QOI.Net.Tests.csproj", "{11EC311C-3ABB-4C9C-9025-9119533E3549}"
EndProject
Project("{2150E333-8FDC-42A3-9474-1A3956D46DE8}") = "img", "img", "{A52EE6C6-670E-4E72-9784-E16EFC22557E}"
	ProjectSection(SolutionItems) = preProject
		img\scotland-edinburgh-castle-day.bin = img\scotland-edinburgh-castle-day.bin
	EndProjectSection
EndProject
Global
	GlobalSection(SolutionConfigurationPlatforms) = preSolution
		Debug|Any CPU = Debug|Any CPU
		Release|Any CPU = Release|Any CPU
	EndGlobalSection
	GlobalSection(ProjectConfigurationPlatforms) = postSolution
		{82CA44A7-4EC5-447B-BD95-5872D012736A}.Debug|Any CPU.ActiveCfg = Debug|Any CPU
		{82CA44A7-4EC5-447B-BD95-5872D012736A}.Debug|Any CPU.Build.0 = Debug|Any CPU
		{82CA44A7-4EC5-447B-BD95-5872D012736A}.Release|Any CPU.ActiveCfg = Release|Any CPU
		{82CA44A7-4EC5-447B-BD95-5872D012736A}.Release|Any CPU.Build.0 = Release|Any CPU
		{11EC311C-3ABB-4C9C-9025-9119533E3549}.Debug|Any CPU.ActiveCfg = Debug|Any CPU
		{11EC311C-3ABB-4C9C-9025-9119533E3549}.Debug|Any CPU.Build.0 = Debug|Any CPU
		{11EC311C-3ABB-4C9C-9025-9119533E3549}.Release|Any CPU.ActiveCfg = Release|Any CPU
		{11EC311C-3ABB-4C9C-9025-9119533E3549}.Release|Any CPU.Build.0 = Release|Any CPU
	EndGlobalSection
	GlobalSection(SolutionProperties) = preSolution
		HideSolutionNode = FALSE
	EndGlobalSection
	GlobalSection(ExtensibilityGlobals) = postSolution
		SolutionGuid = {2E161875-2315-4C9F-A45F-9464E45C92D1}
	EndGlobalSection
EndGlobal
